
Microsoft Visual Studio Solution File, Format Version 12.00
# Visual Studio Version 17
VisualStudioVersion = 17.2.32602.215
MinimumVisualStudioVersion = 10.0.40219.1
Project("{FAE04EC0-301F-11D3-BF4B-00C04F79EFBC}") = "Berzerker_AlonBrayer", "Berzerker_AlonBrayer\Berzerker_AlonBrayer.csproj", "{C2F47F53-C306-45A8-8030-8DB2E73193EE}"
EndProject
Global
	GlobalSection(SolutionConfigurationPlatforms) = preSolution
		Debug|Any CPU = Debug|Any CPU
		Release|Any CPU = Release|Any CPU
	EndGlobalSection
	GlobalSection(ProjectConfigurationPlatforms) = postSolution
		{C2F47F53-C306-45A8-8030-8DB2E73193EE}.Debug|Any CPU.ActiveCfg = Debug|Any CPU
		{C2F47F53-C306-45A8-8030-8DB2E73193EE}.Debug|Any CPU.Build.0 = Debug|Any CPU
		{C2F47F53-C306-45A8-8030-8DB2E73193EE}.Release|Any CPU.ActiveCfg = Release|Any CPU
		{C2F47F53-C306-45A8-8030-8DB2E73193EE}.Release|Any CPU.Build.0 = Release|Any CPU
	EndGlobalSection
	GlobalSection(SolutionProperties) = preSolution
		HideSolutionNode = FALSE
	EndGlobalSection
	GlobalSection(ExtensibilityGlobals) = postSolution
		SolutionGuid = {4279B87D-C7EC-4EBE-AC75-8DAF534E6CDE}
	EndGlobalSection
EndGlobal
